
Microsoft Visual Studio Solution File, Format Version 12.00
# Visual Studio Version 16
VisualStudioVersion = 16.0.30611.23
MinimumVisualStudioVersion = 10.0.40219.1
Project("{FAE04EC0-301F-11D3-BF4B-00C04F79EFBC}") = "TremorV2", "TremorV2.csproj", "{7CAAE605-AEFC-49BF-BEDA-E8EDDF3996C4}"
EndProject
Global
	GlobalSection(SolutionConfigurationPlatforms) = preSolution
		Debug|Any CPU = Debug|Any CPU
		Release|Any CPU = Release|Any CPU
	EndGlobalSection
	GlobalSection(ProjectConfigurationPlatforms) = postSolution
		{7CAAE605-AEFC-49BF-BEDA-E8EDDF3996C4}.Debug|Any CPU.ActiveCfg = Debug|Any CPU
		{7CAAE605-AEFC-49BF-BEDA-E8EDDF3996C4}.Debug|Any CPU.Build.0 = Debug|Any CPU
		{7CAAE605-AEFC-49BF-BEDA-E8EDDF3996C4}.Release|Any CPU.ActiveCfg = Release|Any CPU
		{7CAAE605-AEFC-49BF-BEDA-E8EDDF3996C4}.Release|Any CPU.Build.0 = Release|Any CPU
	EndGlobalSection
	GlobalSection(SolutionProperties) = preSolution
		HideSolutionNode = FALSE
	EndGlobalSection
	GlobalSection(ExtensibilityGlobals) = postSolution
		SolutionGuid = {4FA726B5-33C4-4DB1-9B24-33F3AD13A185}
	EndGlobalSection
EndGlobal
